
Microsoft Visual Studio Solution File, Format Version 12.00
# Visual Studio 15
VisualStudioVersion = 15.0.28307.1622
MinimumVisualStudioVersion = 10.0.40219.1
Project("{FAE04EC0-301F-11D3-BF4B-00C04F79EFBC}") = "ThuongMaiDienTu_v1.0.1", "ThuongMaiDienTu_v1.0.1\ThuongMaiDienTu_v1.0.1.csproj", "{241734FB-1EEB-4834-BBFE-9D8BAC10BFE4}"
EndProject
Global
	GlobalSection(SolutionConfigurationPlatforms) = preSolution
		Debug|Any CPU = Debug|Any CPU
		Release|Any CPU = Release|Any CPU
	EndGlobalSection
	GlobalSection(ProjectConfigurationPlatforms) = postSolution
		{241734FB-1EEB-4834-BBFE-9D8BAC10BFE4}.Debug|Any CPU.ActiveCfg = Debug|Any CPU
		{241734FB-1EEB-4834-BBFE-9D8BAC10BFE4}.Debug|Any CPU.Build.0 = Debug|Any CPU
		{241734FB-1EEB-4834-BBFE-9D8BAC10BFE4}.Release|Any CPU.ActiveCfg = Release|Any CPU
		{241734FB-1EEB-4834-BBFE-9D8BAC10BFE4}.Release|Any CPU.Build.0 = Release|Any CPU
	EndGlobalSection
	GlobalSection(SolutionProperties) = preSolution
		HideSolutionNode = FALSE
	EndGlobalSection
	GlobalSection(ExtensibilityGlobals) = postSolution
		SolutionGuid = {9E7C4C5B-55BB-4F45-9C04-F7B376771C6B}
	EndGlobalSection
EndGlobal
